{
  "version": 4,
  "terraform_version": "1.2.7",
  "serial": 6,
  "lineage": "56b15362-e2f8-3015-d491-6cce84b5b093",
  "outputs": {},
  "resources": [
    {
      "mode": "data",
      "type": "local_file",
      "name": "pet",
      "provider": "provider[\"registry.terraform.io/hashicorp/local\"]",
      "instances": [
        {
          "schema_version": 0,
          "attributes": {
            "content": "Dogs are awsome!",
            "content_base64": "RG9ncyBhcmUgYXdzb21lIQ==",
            "content_base64sha256": "I0ESK5Mm4bBzyYd4xH3+bBmAYOF0YZL9Mk9Q5t6JrMo=",
            "content_base64sha512": "M9BMcBydj7NArZcIFVHvzSFGhNAfkAaBhSGcfhKQBKPSKbFWBUFjV2b4t0zfCFdsp22voGwn7xp9b3GPVMIMqw==",
            "content_md5": "6a8036109fecd8e5a60fa79792d1fe16",
            "content_sha1": "b965d3993903a446870661b94069b47d3b05cf48",
            "content_sha256": "2341122b9326e1b073c98778c47dfe6c198060e1746192fd324f50e6de89acca",
            "content_sha512": "33d04c701c9d8fb340ad97081551efcd214684d01f90068185219c7e129004a3d229b1560541635766f8b74cdf08576ca76dafa06c27ef1a7d6f718f54c20cab",
            "filename": "dogs.txt",
            "id": "b965d3993903a446870661b94069b47d3b05cf48"
          },
          "sensitive_attributes": []
        }
      ]
    },
    {
      "mode": "managed",
      "type": "local_file",
      "name": "pets",
      "provider": "provider[\"registry.terraform.io/hashicorp/local\"]",
      "instances": [
        {
          "index_key": 0,
          "schema_version": 0,
          "attributes": {
            "content": "Dogs are awsome!",
            "content_base64": null,
            "content_base64sha256": "I0ESK5Mm4bBzyYd4xH3+bBmAYOF0YZL9Mk9Q5t6JrMo=",
            "content_base64sha512": "M9BMcBydj7NArZcIFVHvzSFGhNAfkAaBhSGcfhKQBKPSKbFWBUFjV2b4t0zfCFdsp22voGwn7xp9b3GPVMIMqw==",
            "content_md5": "6a8036109fecd8e5a60fa79792d1fe16",
            "content_sha1": "b965d3993903a446870661b94069b47d3b05cf48",
            "content_sha256": "2341122b9326e1b073c98778c47dfe6c198060e1746192fd324f50e6de89acca",
            "content_sha512": "33d04c701c9d8fb340ad97081551efcd214684d01f90068185219c7e129004a3d229b1560541635766f8b74cdf08576ca76dafa06c27ef1a7d6f718f54c20cab",
            "directory_permission": "0777",
            "file_permission": "0700",
            "filename": "pets.txt",
            "id": "b965d3993903a446870661b94069b47d3b05cf48",
            "sensitive_content": null,
            "source": null
          },
          "sensitive_attributes": [],
          "dependencies": [
            "data.local_file.pet"
          ],
          "create_before_destroy": true
        },
        {
          "index_key": 1,
          "schema_version": 0,
          "attributes": {
            "content": "Dogs are awsome!",
            "content_base64": null,
            "content_base64sha256": "I0ESK5Mm4bBzyYd4xH3+bBmAYOF0YZL9Mk9Q5t6JrMo=",
            "content_base64sha512": "M9BMcBydj7NArZcIFVHvzSFGhNAfkAaBhSGcfhKQBKPSKbFWBUFjV2b4t0zfCFdsp22voGwn7xp9b3GPVMIMqw==",
            "content_md5": "6a8036109fecd8e5a60fa79792d1fe16",
            "content_sha1": "b965d3993903a446870661b94069b47d3b05cf48",
            "content_sha256": "2341122b9326e1b073c98778c47dfe6c198060e1746192fd324f50e6de89acca",
            "content_sha512": "33d04c701c9d8fb340ad97081551efcd214684d01f90068185219c7e129004a3d229b1560541635766f8b74cdf08576ca76dafa06c27ef1a7d6f718f54c20cab",
            "directory_permission": "0777",
            "file_permission": "0700",
            "filename": "pets.txt",
            "id": "b965d3993903a446870661b94069b47d3b05cf48",
            "sensitive_content": null,
            "source": null
          },
          "sensitive_attributes": [],
          "dependencies": [
            "data.local_file.pet"
          ],
          "create_before_destroy": true
        }
      ]
    }
  ]
}
